// !$*UTF8*$!
{
	archiveVersion = 1;
	classes = {
	};
	objectVersion = 56;
	objects = {

/* Begin PBXBuildFile section */
		7F458DB62A3387D700CB21A4 /* RxCocoa in Frameworks */ = {isa = PBXBuildFile; productRef = 7F458DB52A3387D700CB21A4 /* RxCocoa */; };
		7F458DB82A3387D700CB21A4 /* RxCocoa-Dynamic in Frameworks */ = {isa = PBXBuildFile; productRef = 7F458DB72A3387D700CB21A4 /* RxCocoa-Dynamic */; };
		7F458DBA2A3387D700CB21A4 /* RxRelay in Frameworks */ = {isa = PBXBuildFile; productRef = 7F458DB92A3387D700CB21A4 /* RxRelay */; };
		7F458DBC2A3387D700CB21A4 /* RxRelay-Dynamic in Frameworks */ = {isa = PBXBuildFile; productRef = 7F458DBB2A3387D700CB21A4 /* RxRelay-Dynamic */; };
		7F458DBE2A3387D700CB21A4 /* RxSwift in Frameworks */ = {isa = PBXBuildFile; productRef = 7F458DBD2A3387D700CB21A4 /* RxSwift */; };
		7F458DC02A3387D700CB21A4 /* RxSwift-Dynamic in Frameworks */ = {isa = PBXBuildFile; productRef = 7F458DBF2A3387D700CB21A4 /* RxSwift-Dynamic */; };
		7F5CABE02A2EBD3000BBECE7 /* SummonerVC.swift in Sources */ = {isa = PBXBuildFile; fileRef = 7F5CABDF2A2EBD3000BBECE7 /* SummonerVC.swift */; };
		7F773DC42A3071FD006CEDCB /* LatestSummonerCell.swift in Sources */ = {isa = PBXBuildFile; fileRef = 7F773DC22A3071FD006CEDCB /* LatestSummonerCell.swift */; };
		7F773DC52A3071FD006CEDCB /* LatestSummonerCell.xib in Resources */ = {isa = PBXBuildFile; fileRef = 7F773DC32A3071FD006CEDCB /* LatestSummonerCell.xib */; };
		7F99F2D42A359F7500F17F93 /* String.swift in Sources */ = {isa = PBXBuildFile; fileRef = 7F99F2D02A359F7500F17F93 /* String.swift */; };
		7F99F2D52A359F7500F17F93 /* Int.swift in Sources */ = {isa = PBXBuildFile; fileRef = 7F99F2D12A359F7500F17F93 /* Int.swift */; };
		7F99F2D62A359F7500F17F93 /* Color.swift in Sources */ = {isa = PBXBuildFile; fileRef = 7F99F2D22A359F7500F17F93 /* Color.swift */; };
		7F99F2D72A359F7500F17F93 /* Double.swift in Sources */ = {isa = PBXBuildFile; fileRef = 7F99F2D32A359F7500F17F93 /* Double.swift */; };
		7F99F2D92A359F8E00F17F93 /* UIImage.swift in Sources */ = {isa = PBXBuildFile; fileRef = 7F99F2D82A359F8E00F17F93 /* UIImage.swift */; };
		7F9B71412A3317F200ACC3BE /* Alamofire in Frameworks */ = {isa = PBXBuildFile; productRef = 7F9B71402A3317F200ACC3BE /* Alamofire */; };
		7FAD8D4A2A2BBBBE00E63DEA /* AppDelegate.swift in Sources */ = {isa = PBXBuildFile; fileRef = 7FAD8D492A2BBBBE00E63DEA /* AppDelegate.swift */; };
		7FAD8D4C2A2BBBBE00E63DEA /* SceneDelegate.swift in Sources */ = {isa = PBXBuildFile; fileRef = 7FAD8D4B2A2BBBBE00E63DEA /* SceneDelegate.swift */; };
		7FAD8D4E2A2BBBBE00E63DEA /* MainVC.swift in Sources */ = {isa = PBXBuildFile; fileRef = 7FAD8D4D2A2BBBBE00E63DEA /* MainVC.swift */; };
		7FAD8D512A2BBBBE00E63DEA /* Main.storyboard in Resources */ = {isa = PBXBuildFile; fileRef = 7FAD8D4F2A2BBBBE00E63DEA /* Main.storyboard */; };
		7FAD8D532A2BBBBF00E63DEA /* Assets.xcassets in Resources */ = {isa = PBXBuildFile; fileRef = 7FAD8D522A2BBBBF00E63DEA /* Assets.xcassets */; };
		7FAD8D562A2BBBBF00E63DEA /* LaunchScreen.storyboard in Resources */ = {isa = PBXBuildFile; fileRef = 7FAD8D542A2BBBBF00E63DEA /* LaunchScreen.storyboard */; };
		7FCF0F7D2A331A31001DBE13 /* Constants.swift in Sources */ = {isa = PBXBuildFile; fileRef = 7FCF0F762A331A31001DBE13 /* Constants.swift */; };
		7FCF0F7F2A331A31001DBE13 /* JsonInstance.swift in Sources */ = {isa = PBXBuildFile; fileRef = 7FCF0F782A331A31001DBE13 /* JsonInstance.swift */; };
		7FCF0F802A331A31001DBE13 /* Service.swift in Sources */ = {isa = PBXBuildFile; fileRef = 7FCF0F792A331A31001DBE13 /* Service.swift */; };
		7FCF0F8A2A331AB1001DBE13 /* NetworkManager.swift in Sources */ = {isa = PBXBuildFile; fileRef = 7FCF0F842A331AB1001DBE13 /* NetworkManager.swift */; };
		7FCF0F8B2A331AB1001DBE13 /* UrlHeadPoint.swift in Sources */ = {isa = PBXBuildFile; fileRef = 7FCF0F852A331AB1001DBE13 /* UrlHeadPoint.swift */; };
		7FCF0F8C2A331AB1001DBE13 /* Router.swift in Sources */ = {isa = PBXBuildFile; fileRef = 7FCF0F862A331AB1001DBE13 /* Router.swift */; };
		7FCF0F8D2A331AB1001DBE13 /* ApiClient.swift in Sources */ = {isa = PBXBuildFile; fileRef = 7FCF0F872A331AB1001DBE13 /* ApiClient.swift */; };
		7FCF0F8E2A331AB1001DBE13 /* ApiLogger.swift in Sources */ = {isa = PBXBuildFile; fileRef = 7FCF0F882A331AB1001DBE13 /* ApiLogger.swift */; };
		7FCF0F8F2A331AB1001DBE13 /* BaseInterceptor.swift in Sources */ = {isa = PBXBuildFile; fileRef = 7FCF0F892A331AB1001DBE13 /* BaseInterceptor.swift */; };
		7FCF0F962A331ADC001DBE13 /* DetailSummonerInfo.swift in Sources */ = {isa = PBXBuildFile; fileRef = 7FCF0F912A331ADC001DBE13 /* DetailSummonerInfo.swift */; };
		7FCF0F972A331ADC001DBE13 /* RuneReforged.swift in Sources */ = {isa = PBXBuildFile; fileRef = 7FCF0F922A331ADC001DBE13 /* RuneReforged.swift */; };
		7FCF0F982A331ADC001DBE13 /* Champion.swift in Sources */ = {isa = PBXBuildFile; fileRef = 7FCF0F932A331ADC001DBE13 /* Champion.swift */; };
		7FCF0F992A331ADC001DBE13 /* SummonerSpells.swift in Sources */ = {isa = PBXBuildFile; fileRef = 7FCF0F942A331ADC001DBE13 /* SummonerSpells.swift */; };
		7FCF0F9A2A331ADC001DBE13 /* QueueIdElement.swift in Sources */ = {isa = PBXBuildFile; fileRef = 7FCF0F952A331ADC001DBE13 /* QueueIdElement.swift */; };
		7FCF0FA22A331AF3001DBE13 /* Spectator.swift in Sources */ = {isa = PBXBuildFile; fileRef = 7FCF0F9C2A331AF3001DBE13 /* Spectator.swift */; };
		7FCF0FA32A331AF3001DBE13 /* MatchInfo.swift in Sources */ = {isa = PBXBuildFile; fileRef = 7FCF0F9D2A331AF3001DBE13 /* MatchInfo.swift */; };
		7FCF0FA42A331AF3001DBE13 /* IngameMatchInfoLoadingView.swift in Sources */ = {isa = PBXBuildFile; fileRef = 7FCF0F9E2A331AF3001DBE13 /* IngameMatchInfoLoadingView.swift */; };
		7FCF0FA52A331AF3001DBE13 /* MatchIDs.swift in Sources */ = {isa = PBXBuildFile; fileRef = 7FCF0F9F2A331AF3001DBE13 /* MatchIDs.swift */; };
		7FCF0FA62A331AF3001DBE13 /* SummonerInfo.swift in Sources */ = {isa = PBXBuildFile; fileRef = 7FCF0FA02A331AF3001DBE13 /* SummonerInfo.swift */; };
		7FCF0FA72A331AF3001DBE13 /* SummonersLeagueElement.swift in Sources */ = {isa = PBXBuildFile; fileRef = 7FCF0FA12A331AF3001DBE13 /* SummonersLeagueElement.swift */; };
		7FCF0FAF2A331B2C001DBE13 /* queueId.json in Resources */ = {isa = PBXBuildFile; fileRef = 7FCF0FA92A331B2C001DBE13 /* queueId.json */; };
		7FCF0FB02A331B2C001DBE13 /* KR_6316414751.json in Resources */ = {isa = PBXBuildFile; fileRef = 7FCF0FAA2A331B2C001DBE13 /* KR_6316414751.json */; };
		7FCF0FB12A331B2C001DBE13 /* runesReforged.json in Resources */ = {isa = PBXBuildFile; fileRef = 7FCF0FAB2A331B2C001DBE13 /* runesReforged.json */; };
		7FCF0FB22A331B2C001DBE13 /* Spectator.json in Resources */ = {isa = PBXBuildFile; fileRef = 7FCF0FAC2A331B2C001DBE13 /* Spectator.json */; };
		7FCF0FB32A331B2C001DBE13 /* summoner.json in Resources */ = {isa = PBXBuildFile; fileRef = 7FCF0FAD2A331B2C001DBE13 /* summoner.json */; };
		7FCF0FB42A331B2C001DBE13 /* champion.json in Resources */ = {isa = PBXBuildFile; fileRef = 7FCF0FAE2A331B2C001DBE13 /* champion.json */; };
		7FCF0FB92A3324D1001DBE13 /* MainVM.swift in Sources */ = {isa = PBXBuildFile; fileRef = 7FCF0FB82A3324D1001DBE13 /* MainVM.swift */; };
/* End PBXBuildFile section */

/* Begin PBXFileReference section */
		7F5CABDF2A2EBD3000BBECE7 /* SummonerVC.swift */ = {isa = PBXFileReference; lastKnownFileType = sourcecode.swift; path = SummonerVC.swift; sourceTree = "<group>"; };
		7F773DC22A3071FD006CEDCB /* LatestSummonerCell.swift */ = {isa = PBXFileReference; lastKnownFileType = sourcecode.swift; path = LatestSummonerCell.swift; sourceTree = "<group>"; };
		7F773DC32A3071FD006CEDCB /* LatestSummonerCell.xib */ = {isa = PBXFileReference; lastKnownFileType = file.xib; path = LatestSummonerCell.xib; sourceTree = "<group>"; };
		7F99F2D02A359F7500F17F93 /* String.swift */ = {isa = PBXFileReference; fileEncoding = 4; lastKnownFileType = sourcecode.swift; path = String.swift; sourceTree = "<group>"; };
		7F99F2D12A359F7500F17F93 /* Int.swift */ = {isa = PBXFileReference; fileEncoding = 4; lastKnownFileType = sourcecode.swift; path = Int.swift; sourceTree = "<group>"; };
		7F99F2D22A359F7500F17F93 /* Color.swift */ = {isa = PBXFileReference; fileEncoding = 4; lastKnownFileType = sourcecode.swift; path = Color.swift; sourceTree = "<group>"; };
		7F99F2D32A359F7500F17F93 /* Double.swift */ = {isa = PBXFileReference; fileEncoding = 4; lastKnownFileType = sourcecode.swift; path = Double.swift; sourceTree = "<group>"; };
		7F99F2D82A359F8E00F17F93 /* UIImage.swift */ = {isa = PBXFileReference; lastKnownFileType = sourcecode.swift; path = UIImage.swift; sourceTree = "<group>"; };
		7FAD8D462A2BBBBE00E63DEA /* LOL_Search.app */ = {isa = PBXFileReference; explicitFileType = wrapper.application; includeInIndex = 0; path = LOL_Search.app; sourceTree = BUILT_PRODUCTS_DIR; };
		7FAD8D492A2BBBBE00E63DEA /* AppDelegate.swift */ = {isa = PBXFileReference; lastKnownFileType = sourcecode.swift; path = AppDelegate.swift; sourceTree = "<group>"; };
		7FAD8D4B2A2BBBBE00E63DEA /* SceneDelegate.swift */ = {isa = PBXFileReference; lastKnownFileType = sourcecode.swift; path = SceneDelegate.swift; sourceTree = "<group>"; };
		7FAD8D4D2A2BBBBE00E63DEA /* MainVC.swift */ = {isa = PBXFileReference; lastKnownFileType = sourcecode.swift; path = MainVC.swift; sourceTree = "<group>"; };
		7FAD8D502A2BBBBE00E63DEA /* Base */ = {isa = PBXFileReference; lastKnownFileType = file.storyboard; name = Base; path = Base.lproj/Main.storyboard; sourceTree = "<group>"; };
		7FAD8D522A2BBBBF00E63DEA /* Assets.xcassets */ = {isa = PBXFileReference; lastKnownFileType = folder.assetcatalog; path = Assets.xcassets; sourceTree = "<group>"; };
		7FAD8D552A2BBBBF00E63DEA /* Base */ = {isa = PBXFileReference; lastKnownFileType = file.storyboard; name = Base; path = Base.lproj/LaunchScreen.storyboard; sourceTree = "<group>"; };
		7FAD8D572A2BBBBF00E63DEA /* Info.plist */ = {isa = PBXFileReference; lastKnownFileType = text.plist.xml; path = Info.plist; sourceTree = "<group>"; };
		7FCF0F762A331A31001DBE13 /* Constants.swift */ = {isa = PBXFileReference; fileEncoding = 4; lastKnownFileType = sourcecode.swift; path = Constants.swift; sourceTree = "<group>"; };
		7FCF0F782A331A31001DBE13 /* JsonInstance.swift */ = {isa = PBXFileReference; fileEncoding = 4; lastKnownFileType = sourcecode.swift; path = JsonInstance.swift; sourceTree = "<group>"; };
		7FCF0F792A331A31001DBE13 /* Service.swift */ = {isa = PBXFileReference; fileEncoding = 4; lastKnownFileType = sourcecode.swift; path = Service.swift; sourceTree = "<group>"; };
		7FCF0F842A331AB1001DBE13 /* NetworkManager.swift */ = {isa = PBXFileReference; fileEncoding = 4; lastKnownFileType = sourcecode.swift; path = NetworkManager.swift; sourceTree = "<group>"; };
		7FCF0F852A331AB1001DBE13 /* UrlHeadPoint.swift */ = {isa = PBXFileReference; fileEncoding = 4; lastKnownFileType = sourcecode.swift; path = UrlHeadPoint.swift; sourceTree = "<group>"; };
		7FCF0F862A331AB1001DBE13 /* Router.swift */ = {isa = PBXFileReference; fileEncoding = 4; lastKnownFileType = sourcecode.swift; path = Router.swift; sourceTree = "<group>"; };
		7FCF0F872A331AB1001DBE13 /* ApiClient.swift */ = {isa = PBXFileReference; fileEncoding = 4; lastKnownFileType = sourcecode.swift; path = ApiClient.swift; sourceTree = "<group>"; };
		7FCF0F882A331AB1001DBE13 /* ApiLogger.swift */ = {isa = PBXFileReference; fileEncoding = 4; lastKnownFileType = sourcecode.swift; path = ApiLogger.swift; sourceTree = "<group>"; };
		7FCF0F892A331AB1001DBE13 /* BaseInterceptor.swift */ = {isa = PBXFileReference; fileEncoding = 4; lastKnownFileType = sourcecode.swift; path = BaseInterceptor.swift; sourceTree = "<group>"; };
		7FCF0F912A331ADC001DBE13 /* DetailSummonerInfo.swift */ = {isa = PBXFileReference; fileEncoding = 4; lastKnownFileType = sourcecode.swift; path = DetailSummonerInfo.swift; sourceTree = "<group>"; };
		7FCF0F922A331ADC001DBE13 /* RuneReforged.swift */ = {isa = PBXFileReference; fileEncoding = 4; lastKnownFileType = sourcecode.swift; path = RuneReforged.swift; sourceTree = "<group>"; };
		7FCF0F932A331ADC001DBE13 /* Champion.swift */ = {isa = PBXFileReference; fileEncoding = 4; lastKnownFileType = sourcecode.swift; path = Champion.swift; sourceTree = "<group>"; };
		7FCF0F942A331ADC001DBE13 /* SummonerSpells.swift */ = {isa = PBXFileReference; fileEncoding = 4; lastKnownFileType = sourcecode.swift; path = SummonerSpells.swift; sourceTree = "<group>"; };
		7FCF0F952A331ADC001DBE13 /* QueueIdElement.swift */ = {isa = PBXFileReference; fileEncoding = 4; lastKnownFileType = sourcecode.swift; path = QueueIdElement.swift; sourceTree = "<group>"; };
		7FCF0F9C2A331AF3001DBE13 /* Spectator.swift */ = {isa = PBXFileReference; fileEncoding = 4; lastKnownFileType = sourcecode.swift; path = Spectator.swift; sourceTree = "<group>"; };
		7FCF0F9D2A331AF3001DBE13 /* MatchInfo.swift */ = {isa = PBXFileReference; fileEncoding = 4; lastKnownFileType = sourcecode.swift; path = MatchInfo.swift; sourceTree = "<group>"; };
		7FCF0F9E2A331AF3001DBE13 /* IngameMatchInfoLoadingView.swift */ = {isa = PBXFileReference; fileEncoding = 4; lastKnownFileType = sourcecode.swift; path = IngameMatchInfoLoadingView.swift; sourceTree = "<group>"; };
		7FCF0F9F2A331AF3001DBE13 /* MatchIDs.swift */ = {isa = PBXFileReference; fileEncoding = 4; lastKnownFileType = sourcecode.swift; path = MatchIDs.swift; sourceTree = "<group>"; };
		7FCF0FA02A331AF3001DBE13 /* SummonerInfo.swift */ = {isa = PBXFileReference; fileEncoding = 4; lastKnownFileType = sourcecode.swift; path = SummonerInfo.swift; sourceTree = "<group>"; };
		7FCF0FA12A331AF3001DBE13 /* SummonersLeagueElement.swift */ = {isa = PBXFileReference; fileEncoding = 4; lastKnownFileType = sourcecode.swift; path = SummonersLeagueElement.swift; sourceTree = "<group>"; };
		7FCF0FA92A331B2C001DBE13 /* queueId.json */ = {isa = PBXFileReference; fileEncoding = 4; lastKnownFileType = text.json; path = queueId.json; sourceTree = "<group>"; };
		7FCF0FAA2A331B2C001DBE13 /* KR_6316414751.json */ = {isa = PBXFileReference; fileEncoding = 4; lastKnownFileType = text.json; path = KR_6316414751.json; sourceTree = "<group>"; };
		7FCF0FAB2A331B2C001DBE13 /* runesReforged.json */ = {isa = PBXFileReference; fileEncoding = 4; lastKnownFileType = text.json; path = runesReforged.json; sourceTree = "<group>"; };
		7FCF0FAC2A331B2C001DBE13 /* Spectator.json */ = {isa = PBXFileReference; fileEncoding = 4; lastKnownFileType = text.json; path = Spectator.json; sourceTree = "<group>"; };
		7FCF0FAD2A331B2C001DBE13 /* summoner.json */ = {isa = PBXFileReference; fileEncoding = 4; lastKnownFileType = text.json; path = summoner.json; sourceTree = "<group>"; };
		7FCF0FAE2A331B2C001DBE13 /* champion.json */ = {isa = PBXFileReference; fileEncoding = 4; lastKnownFileType = text.json; path = champion.json; sourceTree = "<group>"; };
		7FCF0FB82A3324D1001DBE13 /* MainVM.swift */ = {isa = PBXFileReference; lastKnownFileType = sourcecode.swift; path = MainVM.swift; sourceTree = "<group>"; };
/* End PBXFileReference section */

/* Begin PBXFrameworksBuildPhase section */
		7FAD8D432A2BBBBE00E63DEA /* Frameworks */ = {
			isa = PBXFrameworksBuildPhase;
			buildActionMask = 2147483647;
			files = (
				7F458DC02A3387D700CB21A4 /* RxSwift-Dynamic in Frameworks */,
				7F458DBE2A3387D700CB21A4 /* RxSwift in Frameworks */,
				7F458DB62A3387D700CB21A4 /* RxCocoa in Frameworks */,
				7F458DBC2A3387D700CB21A4 /* RxRelay-Dynamic in Frameworks */,
				7F458DB82A3387D700CB21A4 /* RxCocoa-Dynamic in Frameworks */,
				7F458DBA2A3387D700CB21A4 /* RxRelay in Frameworks */,
				7F9B71412A3317F200ACC3BE /* Alamofire in Frameworks */,
			);
			runOnlyForDeploymentPostprocessing = 0;
		};
/* End PBXFrameworksBuildPhase section */

/* Begin PBXGroup section */
		7F99F2CF2A359F4F00F17F93 /* Extensions */ = {
			isa = PBXGroup;
			children = (
				7F99F2D22A359F7500F17F93 /* Color.swift */,
				7F99F2D32A359F7500F17F93 /* Double.swift */,
				7F99F2D12A359F7500F17F93 /* Int.swift */,
				7F99F2D02A359F7500F17F93 /* String.swift */,
				7F99F2D82A359F8E00F17F93 /* UIImage.swift */,
			);
			path = Extensions;
			sourceTree = "<group>";
		};
		7FAD8D3D2A2BBBBE00E63DEA = {
			isa = PBXGroup;
			children = (
				7FAD8D482A2BBBBE00E63DEA /* LOL_Search */,
				7FAD8D472A2BBBBE00E63DEA /* Products */,
			);
			sourceTree = "<group>";
		};
		7FAD8D472A2BBBBE00E63DEA /* Products */ = {
			isa = PBXGroup;
			children = (
				7FAD8D462A2BBBBE00E63DEA /* LOL_Search.app */,
			);
			name = Products;
			sourceTree = "<group>";
		};
		7FAD8D482A2BBBBE00E63DEA /* LOL_Search */ = {
			isa = PBXGroup;
			children = (
				7FAD8D492A2BBBBE00E63DEA /* AppDelegate.swift */,
				7FAD8D4B2A2BBBBE00E63DEA /* SceneDelegate.swift */,
				7FCF0FB52A331B61001DBE13 /* View */,
				7FCF0FB72A3324B9001DBE13 /* View Model */,
				7FCF0F902A331AC0001DBE13 /* Model */,
				7FCF0F832A331AA0001DBE13 /* API */,
				7FCF0F762A331A31001DBE13 /* Constants.swift */,
				7FCF0F782A331A31001DBE13 /* JsonInstance.swift */,
				7FCF0F792A331A31001DBE13 /* Service.swift */,
				7F99F2CF2A359F4F00F17F93 /* Extensions */,
				7FCF0FA82A331B0F001DBE13 /* JSON Files */,
				7FAD8D572A2BBBBF00E63DEA /* Info.plist */,
				7FAD8D522A2BBBBF00E63DEA /* Assets.xcassets */,
			);
			path = LOL_Search;
			sourceTree = "<group>";
		};
		7FCF0F832A331AA0001DBE13 /* API */ = {
			isa = PBXGroup;
			children = (
				7FCF0F872A331AB1001DBE13 /* ApiClient.swift */,
				7FCF0F882A331AB1001DBE13 /* ApiLogger.swift */,
				7FCF0F892A331AB1001DBE13 /* BaseInterceptor.swift */,
				7FCF0F842A331AB1001DBE13 /* NetworkManager.swift */,
				7FCF0F862A331AB1001DBE13 /* Router.swift */,
				7FCF0F852A331AB1001DBE13 /* UrlHeadPoint.swift */,
			);
			path = API;
			sourceTree = "<group>";
		};
		7FCF0F902A331AC0001DBE13 /* Model */ = {
			isa = PBXGroup;
			children = (
				7FCF0F9B2A331AE2001DBE13 /* API Model */,
				7FCF0F932A331ADC001DBE13 /* Champion.swift */,
				7FCF0F912A331ADC001DBE13 /* DetailSummonerInfo.swift */,
				7FCF0F952A331ADC001DBE13 /* QueueIdElement.swift */,
				7FCF0F922A331ADC001DBE13 /* RuneReforged.swift */,
				7FCF0F942A331ADC001DBE13 /* SummonerSpells.swift */,
			);
			path = Model;
			sourceTree = "<group>";
		};
		7FCF0F9B2A331AE2001DBE13 /* API Model */ = {
			isa = PBXGroup;
			children = (
				7FCF0F9E2A331AF3001DBE13 /* IngameMatchInfoLoadingView.swift */,
				7FCF0F9F2A331AF3001DBE13 /* MatchIDs.swift */,
				7FCF0F9D2A331AF3001DBE13 /* MatchInfo.swift */,
				7FCF0F9C2A331AF3001DBE13 /* Spectator.swift */,
				7FCF0FA02A331AF3001DBE13 /* SummonerInfo.swift */,
				7FCF0FA12A331AF3001DBE13 /* SummonersLeagueElement.swift */,
			);
			path = "API Model";
			sourceTree = "<group>";
		};
		7FCF0FA82A331B0F001DBE13 /* JSON Files */ = {
			isa = PBXGroup;
			children = (
				7FCF0FAE2A331B2C001DBE13 /* champion.json */,
				7FCF0FAA2A331B2C001DBE13 /* KR_6316414751.json */,
				7FCF0FA92A331B2C001DBE13 /* queueId.json */,
				7FCF0FAB2A331B2C001DBE13 /* runesReforged.json */,
				7FCF0FAC2A331B2C001DBE13 /* Spectator.json */,
				7FCF0FAD2A331B2C001DBE13 /* summoner.json */,
			);
			path = "JSON Files";
			sourceTree = "<group>";
		};
		7FCF0FB52A331B61001DBE13 /* View */ = {
			isa = PBXGroup;
			children = (
				7FAD8D542A2BBBBF00E63DEA /* LaunchScreen.storyboard */,
				7FAD8D4F2A2BBBBE00E63DEA /* Main.storyboard */,
				7FAD8D4D2A2BBBBE00E63DEA /* MainVC.swift */,
				7FCF0FB62A331B76001DBE13 /* MainViewComponents */,
				7F5CABDF2A2EBD3000BBECE7 /* SummonerVC.swift */,
			);
			path = View;
			sourceTree = "<group>";
		};
		7FCF0FB62A331B76001DBE13 /* MainViewComponents */ = {
			isa = PBXGroup;
			children = (
				7F773DC32A3071FD006CEDCB /* LatestSummonerCell.xib */,
				7F773DC22A3071FD006CEDCB /* LatestSummonerCell.swift */,
			);
			path = MainViewComponents;
			sourceTree = "<group>";
		};
		7FCF0FB72A3324B9001DBE13 /* View Model */ = {
			isa = PBXGroup;
			children = (
				7FCF0FB82A3324D1001DBE13 /* MainVM.swift */,
			);
			path = "View Model";
			sourceTree = "<group>";
		};
/* End PBXGroup section */

/* Begin PBXNativeTarget section */
		7FAD8D452A2BBBBE00E63DEA /* LOL_Search */ = {
			isa = PBXNativeTarget;
			buildConfigurationList = 7FAD8D5A2A2BBBBF00E63DEA /* Build configuration list for PBXNativeTarget "LOL_Search" */;
			buildPhases = (
				7FAD8D422A2BBBBE00E63DEA /* Sources */,
				7FAD8D432A2BBBBE00E63DEA /* Frameworks */,
				7FAD8D442A2BBBBE00E63DEA /* Resources */,
			);
			buildRules = (
			);
			dependencies = (
			);
			name = LOL_Search;
			packageProductDependencies = (
				7F9B71402A3317F200ACC3BE /* Alamofire */,
				7F458DB52A3387D700CB21A4 /* RxCocoa */,
				7F458DB72A3387D700CB21A4 /* RxCocoa-Dynamic */,
				7F458DB92A3387D700CB21A4 /* RxRelay */,
				7F458DBB2A3387D700CB21A4 /* RxRelay-Dynamic */,
				7F458DBD2A3387D700CB21A4 /* RxSwift */,
				7F458DBF2A3387D700CB21A4 /* RxSwift-Dynamic */,
			);
			productName = LOL_Search;
			productReference = 7FAD8D462A2BBBBE00E63DEA /* LOL_Search.app */;
			productType = "com.apple.product-type.application";
		};
/* End PBXNativeTarget section */

/* Begin PBXProject section */
		7FAD8D3E2A2BBBBE00E63DEA /* Project object */ = {
			isa = PBXProject;
			attributes = {
				BuildIndependentTargetsInParallel = 1;
				LastSwiftUpdateCheck = 1430;
				LastUpgradeCheck = 1430;
				TargetAttributes = {
					7FAD8D452A2BBBBE00E63DEA = {
						CreatedOnToolsVersion = 14.3;
					};
				};
			};
			buildConfigurationList = 7FAD8D412A2BBBBE00E63DEA /* Build configuration list for PBXProject "LOL_Search" */;
			compatibilityVersion = "Xcode 14.0";
			developmentRegion = en;
			hasScannedForEncodings = 0;
			knownRegions = (
				en,
				Base,
			);
			mainGroup = 7FAD8D3D2A2BBBBE00E63DEA;
			packageReferences = (
				7F9B713F2A3317F200ACC3BE /* XCRemoteSwiftPackageReference "Alamofire" */,
				7F458DB42A3387D700CB21A4 /* XCRemoteSwiftPackageReference "RxSwift" */,
			);
			productRefGroup = 7FAD8D472A2BBBBE00E63DEA /* Products */;
			projectDirPath = "";
			projectRoot = "";
			targets = (
				7FAD8D452A2BBBBE00E63DEA /* LOL_Search */,
			);
		};
/* End PBXProject section */

/* Begin PBXResourcesBuildPhase section */
		7FAD8D442A2BBBBE00E63DEA /* Resources */ = {
			isa = PBXResourcesBuildPhase;
			buildActionMask = 2147483647;
			files = (
				7FCF0FB02A331B2C001DBE13 /* KR_6316414751.json in Resources */,
				7FAD8D562A2BBBBF00E63DEA /* LaunchScreen.storyboard in Resources */,
				7FAD8D532A2BBBBF00E63DEA /* Assets.xcassets in Resources */,
				7FCF0FB22A331B2C001DBE13 /* Spectator.json in Resources */,
				7FCF0FB12A331B2C001DBE13 /* runesReforged.json in Resources */,
				7F773DC52A3071FD006CEDCB /* LatestSummonerCell.xib in Resources */,
				7FCF0FB42A331B2C001DBE13 /* champion.json in Resources */,
				7FCF0FB32A331B2C001DBE13 /* summoner.json in Resources */,
				7FAD8D512A2BBBBE00E63DEA /* Main.storyboard in Resources */,
				7FCF0FAF2A331B2C001DBE13 /* queueId.json in Resources */,
			);
			runOnlyForDeploymentPostprocessing = 0;
		};
/* End PBXResourcesBuildPhase section */

/* Begin PBXSourcesBuildPhase section */
		7FAD8D422A2BBBBE00E63DEA /* Sources */ = {
			isa = PBXSourcesBuildPhase;
			buildActionMask = 2147483647;
			files = (
				7FCF0F8C2A331AB1001DBE13 /* Router.swift in Sources */,
				7FCF0F982A331ADC001DBE13 /* Champion.swift in Sources */,
				7FCF0F8A2A331AB1001DBE13 /* NetworkManager.swift in Sources */,
				7F99F2D52A359F7500F17F93 /* Int.swift in Sources */,
				7F99F2D42A359F7500F17F93 /* String.swift in Sources */,
				7FCF0FA72A331AF3001DBE13 /* SummonersLeagueElement.swift in Sources */,
				7FAD8D4E2A2BBBBE00E63DEA /* MainVC.swift in Sources */,
				7FCF0F8E2A331AB1001DBE13 /* ApiLogger.swift in Sources */,
				7FCF0F8B2A331AB1001DBE13 /* UrlHeadPoint.swift in Sources */,
				7FCF0FA42A331AF3001DBE13 /* IngameMatchInfoLoadingView.swift in Sources */,
				7FCF0F972A331ADC001DBE13 /* RuneReforged.swift in Sources */,
				7FCF0FA22A331AF3001DBE13 /* Spectator.swift in Sources */,
				7FCF0F802A331A31001DBE13 /* Service.swift in Sources */,
				7FCF0FB92A3324D1001DBE13 /* MainVM.swift in Sources */,
				7F99F2D92A359F8E00F17F93 /* UIImage.swift in Sources */,
				7FCF0F8F2A331AB1001DBE13 /* BaseInterceptor.swift in Sources */,
				7F773DC42A3071FD006CEDCB /* LatestSummonerCell.swift in Sources */,
				7FCF0F7F2A331A31001DBE13 /* JsonInstance.swift in Sources */,
				7F99F2D62A359F7500F17F93 /* Color.swift in Sources */,
				7FCF0F962A331ADC001DBE13 /* DetailSummonerInfo.swift in Sources */,
				7FAD8D4A2A2BBBBE00E63DEA /* AppDelegate.swift in Sources */,
				7F5CABE02A2EBD3000BBECE7 /* SummonerVC.swift in Sources */,
				7FCF0F992A331ADC001DBE13 /* SummonerSpells.swift in Sources */,
				7FCF0FA52A331AF3001DBE13 /* MatchIDs.swift in Sources */,
				7FCF0FA32A331AF3001DBE13 /* MatchInfo.swift in Sources */,
				7FAD8D4C2A2BBBBE00E63DEA /* SceneDelegate.swift in Sources */,
				7FCF0F9A2A331ADC001DBE13 /* QueueIdElement.swift in Sources */,
				7FCF0F7D2A331A31001DBE13 /* Constants.swift in Sources */,
				7FCF0F8D2A331AB1001DBE13 /* ApiClient.swift in Sources */,
				7F99F2D72A359F7500F17F93 /* Double.swift in Sources */,
				7FCF0FA62A331AF3001DBE13 /* SummonerInfo.swift in Sources */,
			);
			runOnlyForDeploymentPostprocessing = 0;
		};
/* End PBXSourcesBuildPhase section */

/* Begin PBXVariantGroup section */
		7FAD8D4F2A2BBBBE00E63DEA /* Main.storyboard */ = {
			isa = PBXVariantGroup;
			children = (
				7FAD8D502A2BBBBE00E63DEA /* Base */,
			);
			name = Main.storyboard;
			sourceTree = "<group>";
		};
		7FAD8D542A2BBBBF00E63DEA /* LaunchScreen.storyboard */ = {
			isa = PBXVariantGroup;
			children = (
				7FAD8D552A2BBBBF00E63DEA /* Base */,
			);
			name = LaunchScreen.storyboard;
			sourceTree = "<group>";
		};
/* End PBXVariantGroup section */

/* Begin XCBuildConfiguration section */
		7FAD8D582A2BBBBF00E63DEA /* Debug */ = {
			isa = XCBuildConfiguration;
			buildSettings = {
				ALWAYS_SEARCH_USER_PATHS = NO;
				CLANG_ANALYZER_NONNULL = YES;
				CLANG_ANALYZER_NUMBER_OBJECT_CONVERSION = YES_AGGRESSIVE;
				CLANG_CXX_LANGUAGE_STANDARD = "gnu++20";
				CLANG_ENABLE_MODULES = YES;
				CLANG_ENABLE_OBJC_ARC = YES;
				CLANG_ENABLE_OBJC_WEAK = YES;
				CLANG_WARN_BLOCK_CAPTURE_AUTORELEASING = YES;
				CLANG_WARN_BOOL_CONVERSION = YES;
				CLANG_WARN_COMMA = YES;
				CLANG_WARN_CONSTANT_CONVERSION = YES;
				CLANG_WARN_DEPRECATED_OBJC_IMPLEMENTATIONS = YES;
				CLANG_WARN_DIRECT_OBJC_ISA_USAGE = YES_ERROR;
				CLANG_WARN_DOCUMENTATION_COMMENTS = YES;
				CLANG_WARN_EMPTY_BODY = YES;
				CLANG_WARN_ENUM_CONVERSION = YES;
				CLANG_WARN_INFINITE_RECURSION = YES;
				CLANG_WARN_INT_CONVERSION = YES;
				CLANG_WARN_NON_LITERAL_NULL_CONVERSION = YES;
				CLANG_WARN_OBJC_IMPLICIT_RETAIN_SELF = YES;
				CLANG_WARN_OBJC_LITERAL_CONVERSION = YES;
				CLANG_WARN_OBJC_ROOT_CLASS = YES_ERROR;
				CLANG_WARN_QUOTED_INCLUDE_IN_FRAMEWORK_HEADER = YES;
				CLANG_WARN_RANGE_LOOP_ANALYSIS = YES;
				CLANG_WARN_STRICT_PROTOTYPES = YES;
				CLANG_WARN_SUSPICIOUS_MOVE = YES;
				CLANG_WARN_UNGUARDED_AVAILABILITY = YES_AGGRESSIVE;
				CLANG_WARN_UNREACHABLE_CODE = YES;
				CLANG_WARN__DUPLICATE_METHOD_MATCH = YES;
				COPY_PHASE_STRIP = NO;
				DEBUG_INFORMATION_FORMAT = dwarf;
				ENABLE_STRICT_OBJC_MSGSEND = YES;
				ENABLE_TESTABILITY = YES;
				GCC_C_LANGUAGE_STANDARD = gnu11;
				GCC_DYNAMIC_NO_PIC = NO;
				GCC_NO_COMMON_BLOCKS = YES;
				GCC_OPTIMIZATION_LEVEL = 0;
				GCC_PREPROCESSOR_DEFINITIONS = (
					"DEBUG=1",
					"$(inherited)",
				);
				GCC_WARN_64_TO_32_BIT_CONVERSION = YES;
				GCC_WARN_ABOUT_RETURN_TYPE = YES_ERROR;
				GCC_WARN_UNDECLARED_SELECTOR = YES;
				GCC_WARN_UNINITIALIZED_AUTOS = YES_AGGRESSIVE;
				GCC_WARN_UNUSED_FUNCTION = YES;
				GCC_WARN_UNUSED_VARIABLE = YES;
				IPHONEOS_DEPLOYMENT_TARGET = 16.4;
				MTL_ENABLE_DEBUG_INFO = INCLUDE_SOURCE;
				MTL_FAST_MATH = YES;
				ONLY_ACTIVE_ARCH = YES;
				SDKROOT = iphoneos;
				SWIFT_ACTIVE_COMPILATION_CONDITIONS = DEBUG;
				SWIFT_OPTIMIZATION_LEVEL = "-Onone";
			};
			name = Debug;
		};
		7FAD8D592A2BBBBF00E63DEA /* Release */ = {
			isa = XCBuildConfiguration;
			buildSettings = {
				ALWAYS_SEARCH_USER_PATHS = NO;
				CLANG_ANALYZER_NONNULL = YES;
				CLANG_ANALYZER_NUMBER_OBJECT_CONVERSION = YES_AGGRESSIVE;
				CLANG_CXX_LANGUAGE_STANDARD = "gnu++20";
				CLANG_ENABLE_MODULES = YES;
				CLANG_ENABLE_OBJC_ARC = YES;
				CLANG_ENABLE_OBJC_WEAK = YES;
				CLANG_WARN_BLOCK_CAPTURE_AUTORELEASING = YES;
				CLANG_WARN_BOOL_CONVERSION = YES;
				CLANG_WARN_COMMA = YES;
				CLANG_WARN_CONSTANT_CONVERSION = YES;
				CLANG_WARN_DEPRECATED_OBJC_IMPLEMENTATIONS = YES;
				CLANG_WARN_DIRECT_OBJC_ISA_USAGE = YES_ERROR;
				CLANG_WARN_DOCUMENTATION_COMMENTS = YES;
				CLANG_WARN_EMPTY_BODY = YES;
				CLANG_WARN_ENUM_CONVERSION = YES;
				CLANG_WARN_INFINITE_RECURSION = YES;
				CLANG_WARN_INT_CONVERSION = YES;
				CLANG_WARN_NON_LITERAL_NULL_CONVERSION = YES;
				CLANG_WARN_OBJC_IMPLICIT_RETAIN_SELF = YES;
				CLANG_WARN_OBJC_LITERAL_CONVERSION = YES;
				CLANG_WARN_OBJC_ROOT_CLASS = YES_ERROR;
				CLANG_WARN_QUOTED_INCLUDE_IN_FRAMEWORK_HEADER = YES;
				CLANG_WARN_RANGE_LOOP_ANALYSIS = YES;
				CLANG_WARN_STRICT_PROTOTYPES = YES;
				CLANG_WARN_SUSPICIOUS_MOVE = YES;
				CLANG_WARN_UNGUARDED_AVAILABILITY = YES_AGGRESSIVE;
				CLANG_WARN_UNREACHABLE_CODE = YES;
				CLANG_WARN__DUPLICATE_METHOD_MATCH = YES;
				COPY_PHASE_STRIP = NO;
				DEBUG_INFORMATION_FORMAT = "dwarf-with-dsym";
				ENABLE_NS_ASSERTIONS = NO;
				ENABLE_STRICT_OBJC_MSGSEND = YES;
				GCC_C_LANGUAGE_STANDARD = gnu11;
				GCC_NO_COMMON_BLOCKS = YES;
				GCC_WARN_64_TO_32_BIT_CONVERSION = YES;
				GCC_WARN_ABOUT_RETURN_TYPE = YES_ERROR;
				GCC_WARN_UNDECLARED_SELECTOR = YES;
				GCC_WARN_UNINITIALIZED_AUTOS = YES_AGGRESSIVE;
				GCC_WARN_UNUSED_FUNCTION = YES;
				GCC_WARN_UNUSED_VARIABLE = YES;
				IPHONEOS_DEPLOYMENT_TARGET = 16.4;
				MTL_ENABLE_DEBUG_INFO = NO;
				MTL_FAST_MATH = YES;
				SDKROOT = iphoneos;
				SWIFT_COMPILATION_MODE = wholemodule;
				SWIFT_OPTIMIZATION_LEVEL = "-O";
				VALIDATE_PRODUCT = YES;
			};
			name = Release;
		};
		7FAD8D5B2A2BBBBF00E63DEA /* Debug */ = {
			isa = XCBuildConfiguration;
			buildSettings = {
				ASSETCATALOG_COMPILER_APPICON_NAME = AppIcon;
				ASSETCATALOG_COMPILER_GLOBAL_ACCENT_COLOR_NAME = AccentColor;
				CODE_SIGN_STYLE = Automatic;
				CURRENT_PROJECT_VERSION = 1;
				DEVELOPMENT_TEAM = JSZ2KS27AG;
				GENERATE_INFOPLIST_FILE = YES;
				INFOPLIST_FILE = LOL_Search/Info.plist;
				INFOPLIST_KEY_UIApplicationSupportsIndirectInputEvents = YES;
				INFOPLIST_KEY_UILaunchStoryboardName = LaunchScreen;
				INFOPLIST_KEY_UIMainStoryboardFile = Main;
				INFOPLIST_KEY_UISupportedInterfaceOrientations_iPad = "UIInterfaceOrientationPortrait UIInterfaceOrientationPortraitUpsideDown UIInterfaceOrientationLandscapeLeft UIInterfaceOrientationLandscapeRight";
				INFOPLIST_KEY_UISupportedInterfaceOrientations_iPhone = "UIInterfaceOrientationPortrait UIInterfaceOrientationLandscapeLeft UIInterfaceOrientationLandscapeRight";
				LD_RUNPATH_SEARCH_PATHS = (
					"$(inherited)",
					"@executable_path/Frameworks",
				);
				MARKETING_VERSION = 1.0;
				PRODUCT_BUNDLE_IDENTIFIER = "com.Maru.LOL-Search";
				PRODUCT_NAME = "$(TARGET_NAME)";
				SWIFT_EMIT_LOC_STRINGS = YES;
				SWIFT_VERSION = 5.0;
				TARGETED_DEVICE_FAMILY = "1,2";
			};
			name = Debug;
		};
		7FAD8D5C2A2BBBBF00E63DEA /* Release */ = {
			isa = XCBuildConfiguration;
			buildSettings = {
				ASSETCATALOG_COMPILER_APPICON_NAME = AppIcon;
				ASSETCATALOG_COMPILER_GLOBAL_ACCENT_COLOR_NAME = AccentColor;
				CODE_SIGN_STYLE = Automatic;
				CURRENT_PROJECT_VERSION = 1;
				DEVELOPMENT_TEAM = JSZ2KS27AG;
				GENERATE_INFOPLIST_FILE = YES;
				INFOPLIST_FILE = LOL_Search/Info.plist;
				INFOPLIST_KEY_UIApplicationSupportsIndirectInputEvents = YES;
				INFOPLIST_KEY_UILaunchStoryboardName = LaunchScreen;
				INFOPLIST_KEY_UIMainStoryboardFile = Main;
				INFOPLIST_KEY_UISupportedInterfaceOrientations_iPad = "UIInterfaceOrientationPortrait UIInterfaceOrientationPortraitUpsideDown UIInterfaceOrientationLandscapeLeft UIInterfaceOrientationLandscapeRight";
				INFOPLIST_KEY_UISupportedInterfaceOrientations_iPhone = "UIInterfaceOrientationPortrait UIInterfaceOrientationLandscapeLeft UIInterfaceOrientationLandscapeRight";
				LD_RUNPATH_SEARCH_PATHS = (
					"$(inherited)",
					"@executable_path/Frameworks",
				);
				MARKETING_VERSION = 1.0;
				PRODUCT_BUNDLE_IDENTIFIER = "com.Maru.LOL-Search";
				PRODUCT_NAME = "$(TARGET_NAME)";
				SWIFT_EMIT_LOC_STRINGS = YES;
				SWIFT_VERSION = 5.0;
				TARGETED_DEVICE_FAMILY = "1,2";
			};
			name = Release;
		};
/* End XCBuildConfiguration section */

/* Begin XCConfigurationList section */
		7FAD8D412A2BBBBE00E63DEA /* Build configuration list for PBXProject "LOL_Search" */ = {
			isa = XCConfigurationList;
			buildConfigurations = (
				7FAD8D582A2BBBBF00E63DEA /* Debug */,
				7FAD8D592A2BBBBF00E63DEA /* Release */,
			);
			defaultConfigurationIsVisible = 0;
			defaultConfigurationName = Release;
		};
		7FAD8D5A2A2BBBBF00E63DEA /* Build configuration list for PBXNativeTarget "LOL_Search" */ = {
			isa = XCConfigurationList;
			buildConfigurations = (
				7FAD8D5B2A2BBBBF00E63DEA /* Debug */,
				7FAD8D5C2A2BBBBF00E63DEA /* Release */,
			);
			defaultConfigurationIsVisible = 0;
			defaultConfigurationName = Release;
		};
/* End XCConfigurationList section */

/* Begin XCRemoteSwiftPackageReference section */
		7F458DB42A3387D700CB21A4 /* XCRemoteSwiftPackageReference "RxSwift" */ = {
			isa = XCRemoteSwiftPackageReference;
			repositoryURL = "https://github.com/ReactiveX/RxSwift.git";
			requirement = {
				kind = upToNextMajorVersion;
				minimumVersion = 6.0.0;
			};
		};
		7F9B713F2A3317F200ACC3BE /* XCRemoteSwiftPackageReference "Alamofire" */ = {
			isa = XCRemoteSwiftPackageReference;
			repositoryURL = "https://github.com/Alamofire/Alamofire";
			requirement = {
				kind = upToNextMajorVersion;
				minimumVersion = 5.0.0;
			};
		};
/* End XCRemoteSwiftPackageReference section */

/* Begin XCSwiftPackageProductDependency section */
		7F458DB52A3387D700CB21A4 /* RxCocoa */ = {
			isa = XCSwiftPackageProductDependency;
			package = 7F458DB42A3387D700CB21A4 /* XCRemoteSwiftPackageReference "RxSwift" */;
			productName = RxCocoa;
		};
		7F458DB72A3387D700CB21A4 /* RxCocoa-Dynamic */ = {
			isa = XCSwiftPackageProductDependency;
			package = 7F458DB42A3387D700CB21A4 /* XCRemoteSwiftPackageReference "RxSwift" */;
			productName = "RxCocoa-Dynamic";
		};
		7F458DB92A3387D700CB21A4 /* RxRelay */ = {
			isa = XCSwiftPackageProductDependency;
			package = 7F458DB42A3387D700CB21A4 /* XCRemoteSwiftPackageReference "RxSwift" */;
			productName = RxRelay;
		};
		7F458DBB2A3387D700CB21A4 /* RxRelay-Dynamic */ = {
			isa = XCSwiftPackageProductDependency;
			package = 7F458DB42A3387D700CB21A4 /* XCRemoteSwiftPackageReference "RxSwift" */;
			productName = "RxRelay-Dynamic";
		};
		7F458DBD2A3387D700CB21A4 /* RxSwift */ = {
			isa = XCSwiftPackageProductDependency;
			package = 7F458DB42A3387D700CB21A4 /* XCRemoteSwiftPackageReference "RxSwift" */;
			productName = RxSwift;
		};
		7F458DBF2A3387D700CB21A4 /* RxSwift-Dynamic */ = {
			isa = XCSwiftPackageProductDependency;
			package = 7F458DB42A3387D700CB21A4 /* XCRemoteSwiftPackageReference "RxSwift" */;
			productName = "RxSwift-Dynamic";
		};
		7F9B71402A3317F200ACC3BE /* Alamofire */ = {
			isa = XCSwiftPackageProductDependency;
			package = 7F9B713F2A3317F200ACC3BE /* XCRemoteSwiftPackageReference "Alamofire" */;
			productName = Alamofire;
		};
/* End XCSwiftPackageProductDependency section */
	};
	rootObject = 7FAD8D3E2A2BBBBE00E63DEA /* Project object */;
}
